
Microsoft Visual Studio Solution File, Format Version 12.00
# Visual Studio 15
VisualStudioVersion = 15.0.28307.757
MinimumVisualStudioVersion = 10.0.40219.1
Project("{8BC9CEB8-8B4A-11D0-8D11-00A0C91BC942}") = "SequenceGenerator", "SequenceGenerator\SequenceGenerator.vcxproj", "{D259F0C0-0879-49F6-8415-C480D4829E90}"
EndProject
Global
	GlobalSection(SolutionConfigurationPlatforms) = preSolution
		Debug|x64 = Debug|x64
		Debug|x86 = Debug|x86
		Release|x64 = Release|x64
		Release|x86 = Release|x86
	EndGlobalSection
	GlobalSection(ProjectConfigurationPlatforms) = postSolution
		{D259F0C0-0879-49F6-8415-C480D4829E90}.Debug|x64.ActiveCfg = Debug|x64
		{D259F0C0-0879-49F6-8415-C480D4829E90}.Debug|x64.Build.0 = Debug|x64
		{D259F0C0-0879-49F6-8415-C480D4829E90}.Debug|x86.ActiveCfg = Debug|Win32
		{D259F0C0-0879-49F6-8415-C480D4829E90}.Debug|x86.Build.0 = Debug|Win32
		{D259F0C0-0879-49F6-8415-C480D4829E90}.Release|x64.ActiveCfg = Release|x64
		{D259F0C0-0879-49F6-8415-C480D4829E90}.Release|x64.Build.0 = Release|x64
		{D259F0C0-0879-49F6-8415-C480D4829E90}.Release|x86.ActiveCfg = Release|Win32
		{D259F0C0-0879-49F6-8415-C480D4829E90}.Release|x86.Build.0 = Release|Win32
	EndGlobalSection
	GlobalSection(SolutionProperties) = preSolution
		HideSolutionNode = FALSE
	EndGlobalSection
	GlobalSection(ExtensibilityGlobals) = postSolution
		SolutionGuid = {C74CFC03-A685-4C7D-BBEC-C4A0DF1583AB}
	EndGlobalSection
EndGlobal
